
Microsoft Visual Studio Solution File, Format Version 12.00
# Visual Studio 15
VisualStudioVersion = 15.0.28307.421
MinimumVisualStudioVersion = 10.0.40219.1
Project("{FAE04EC0-301F-11D3-BF4B-00C04F79EFBC}") = "OdeToFood", "OdeToFood\OdeToFood.csproj", "{8F1926E0-CBD9-43E7-B7CE-669418230AAA}"
EndProject
Project("{FAE04EC0-301F-11D3-BF4B-00C04F79EFBC}") = "OdeToFood.Core", "OdeToFood.Core\OdeToFood.Core.csproj", "{23AA4FEE-C025-4E12-9922-5ED692896692}"
EndProject
Project("{FAE04EC0-301F-11D3-BF4B-00C04F79EFBC}") = "OdeToFood.Data", "OdeToFood.Data\OdeToFood.Data.csproj", "{4A28D9F4-7F94-4F07-AABE-334069DD3955}"
EndProject
Global
	GlobalSection(SolutionConfigurationPlatforms) = preSolution
		Debug|Any CPU = Debug|Any CPU
		Release|Any CPU = Release|Any CPU
	EndGlobalSection
	GlobalSection(ProjectConfigurationPlatforms) = postSolution
		{8F1926E0-CBD9-43E7-B7CE-669418230AAA}.Debug|Any CPU.ActiveCfg = Debug|Any CPU
		{8F1926E0-CBD9-43E7-B7CE-669418230AAA}.Debug|Any CPU.Build.0 = Debug|Any CPU
		{8F1926E0-CBD9-43E7-B7CE-669418230AAA}.Release|Any CPU.ActiveCfg = Release|Any CPU
		{8F1926E0-CBD9-43E7-B7CE-669418230AAA}.Release|Any CPU.Build.0 = Release|Any CPU
		{23AA4FEE-C025-4E12-9922-5ED692896692}.Debug|Any CPU.ActiveCfg = Debug|Any CPU
		{23AA4FEE-C025-4E12-9922-5ED692896692}.Debug|Any CPU.Build.0 = Debug|Any CPU
		{23AA4FEE-C025-4E12-9922-5ED692896692}.Release|Any CPU.ActiveCfg = Release|Any CPU
		{23AA4FEE-C025-4E12-9922-5ED692896692}.Release|Any CPU.Build.0 = Release|Any CPU
		{4A28D9F4-7F94-4F07-AABE-334069DD3955}.Debug|Any CPU.ActiveCfg = Debug|Any CPU
		{4A28D9F4-7F94-4F07-AABE-334069DD3955}.Debug|Any CPU.Build.0 = Debug|Any CPU
		{4A28D9F4-7F94-4F07-AABE-334069DD3955}.Release|Any CPU.ActiveCfg = Release|Any CPU
		{4A28D9F4-7F94-4F07-AABE-334069DD3955}.Release|Any CPU.Build.0 = Release|Any CPU
	EndGlobalSection
	GlobalSection(SolutionProperties) = preSolution
		HideSolutionNode = FALSE
	EndGlobalSection
	GlobalSection(ExtensibilityGlobals) = postSolution
		SolutionGuid = {F48FD9AE-4285-4035-9F7C-E00409934C90}
	EndGlobalSection
EndGlobal
